
Microsoft Visual Studio Solution File, Format Version 12.00
# Visual Studio Version 17
VisualStudioVersion = 17.11.35312.102
MinimumVisualStudioVersion = 10.0.40219.1
Project("{9A19103F-16F7-4668-BE54-9A1E7A4F7556}") = "RoveComm", "RoveComm\RoveComm.csproj", "{60E51F32-438B-464E-87D9-6F84B106F459}"
EndProject
Project("{9A19103F-16F7-4668-BE54-9A1E7A4F7556}") = "RoveComm.Test", "RoveComm.Test\RoveComm.Test.csproj", "{DCC336D1-3A7F-4D4F-8CFD-DC0B057525E9}"
EndProject
Global
	GlobalSection(SolutionConfigurationPlatforms) = preSolution
		Debug|Any CPU = Debug|Any CPU
		Release|Any CPU = Release|Any CPU
	EndGlobalSection
	GlobalSection(ProjectConfigurationPlatforms) = postSolution
		{60E51F32-438B-464E-87D9-6F84B106F459}.Debug|Any CPU.ActiveCfg = Debug|Any CPU
		{60E51F32-438B-464E-87D9-6F84B106F459}.Debug|Any CPU.Build.0 = Debug|Any CPU
		{60E51F32-438B-464E-87D9-6F84B106F459}.Release|Any CPU.ActiveCfg = Release|Any CPU
		{60E51F32-438B-464E-87D9-6F84B106F459}.Release|Any CPU.Build.0 = Release|Any CPU
		{DCC336D1-3A7F-4D4F-8CFD-DC0B057525E9}.Debug|Any CPU.ActiveCfg = Debug|Any CPU
		{DCC336D1-3A7F-4D4F-8CFD-DC0B057525E9}.Debug|Any CPU.Build.0 = Debug|Any CPU
		{DCC336D1-3A7F-4D4F-8CFD-DC0B057525E9}.Release|Any CPU.ActiveCfg = Release|Any CPU
		{DCC336D1-3A7F-4D4F-8CFD-DC0B057525E9}.Release|Any CPU.Build.0 = Release|Any CPU
	EndGlobalSection
	GlobalSection(SolutionProperties) = preSolution
		HideSolutionNode = FALSE
	EndGlobalSection
	GlobalSection(ExtensibilityGlobals) = postSolution
		SolutionGuid = {5805D9F2-3CA4-4E18-98BC-9DC30783AD3E}
	EndGlobalSection
EndGlobal
